
Microsoft Visual Studio Solution File, Format Version 12.00
# Visual Studio Version 16
VisualStudioVersion = 16.0.32929.386
MinimumVisualStudioVersion = 10.0.40219.1
Project("{FAE04EC0-301F-11D3-BF4B-00C04F79EFBC}") = "assignmenttask", "assignmenttask.csproj", "{0523C8B6-4DEF-48E3-9747-0CEA7EC8DE1F}"
EndProject
Global
	GlobalSection(SolutionConfigurationPlatforms) = preSolution
		Debug|Any CPU = Debug|Any CPU
		Release|Any CPU = Release|Any CPU
	EndGlobalSection
	GlobalSection(ProjectConfigurationPlatforms) = postSolution
		{0523C8B6-4DEF-48E3-9747-0CEA7EC8DE1F}.Debug|Any CPU.ActiveCfg = Debug|Any CPU
		{0523C8B6-4DEF-48E3-9747-0CEA7EC8DE1F}.Debug|Any CPU.Build.0 = Debug|Any CPU
		{0523C8B6-4DEF-48E3-9747-0CEA7EC8DE1F}.Release|Any CPU.ActiveCfg = Release|Any CPU
		{0523C8B6-4DEF-48E3-9747-0CEA7EC8DE1F}.Release|Any CPU.Build.0 = Release|Any CPU
	EndGlobalSection
	GlobalSection(SolutionProperties) = preSolution
		HideSolutionNode = FALSE
	EndGlobalSection
	GlobalSection(ExtensibilityGlobals) = postSolution
		SolutionGuid = {A033E20A-D53D-4876-816B-0B70D5BEF35D}
	EndGlobalSection
EndGlobal
